// !$*UTF8*$!
{
	archiveVersion = 1;
	classes = {
	};
	objectVersion = 46;
	objects = {

/* Begin PBXBuildFile section */
		044E0DED1C93F45600BCFBDB /* main.m in Sources */ = {isa = PBXBuildFile; fileRef = 044E0DEC1C93F45600BCFBDB /* main.m */; };
		044E0DF01C93F45600BCFBDB /* AppDelegate.m in Sources */ = {isa = PBXBuildFile; fileRef = 044E0DEF1C93F45600BCFBDB /* AppDelegate.m */; };
		044E0DF31C93F45600BCFBDB /* ViewController.m in Sources */ = {isa = PBXBuildFile; fileRef = 044E0DF21C93F45600BCFBDB /* ViewController.m */; };
		044E0DF61C93F45600BCFBDB /* Main.storyboard in Resources */ = {isa = PBXBuildFile; fileRef = 044E0DF41C93F45600BCFBDB /* Main.storyboard */; };
		044E0DF81C93F45600BCFBDB /* Assets.xcassets in Resources */ = {isa = PBXBuildFile; fileRef = 044E0DF71C93F45600BCFBDB /* Assets.xcassets */; };
		044E0DFB1C93F45600BCFBDB /* LaunchScreen.storyboard in Resources */ = {isa = PBXBuildFile; fileRef = 044E0DF91C93F45600BCFBDB /* LaunchScreen.storyboard */; };
/* End PBXBuildFile section */

/* Begin PBXFileReference section */
		044E0DE81C93F45600BCFBDB /* ITO3GithubDemo.app */ = {isa = PBXFileReference; explicitFileType = wrapper.application; includeInIndex = 0; path = ITO3GithubDemo.app; sourceTree = BUILT_PRODUCTS_DIR; };
		044E0DEC1C93F45600BCFBDB /* main.m */ = {isa = PBXFileReference; lastKnownFileType = sourcecode.c.objc; path = main.m; sourceTree = "<group>"; };
		044E0DEE1C93F45600BCFBDB /* AppDelegate.h */ = {isa = PBXFileReference; lastKnownFileType = sourcecode.c.h; path = AppDelegate.h; sourceTree = "<group>"; };
		044E0DEF1C93F45600BCFBDB /* AppDelegate.m */ = {isa = PBXFileReference; lastKnownFileType = sourcecode.c.objc; path = AppDelegate.m; sourceTree = "<group>"; };
		044E0DF11C93F45600BCFBDB /* ViewController.h */ = {isa = PBXFileReference; lastKnownFileType = sourcecode.c.h; path = ViewController.h; sourceTree = "<group>"; };
		044E0DF21C93F45600BCFBDB /* ViewController.m */ = {isa = PBXFileReference; lastKnownFileType = sourcecode.c.objc; path = ViewController.m; sourceTree = "<group>"; };
		044E0DF51C93F45600BCFBDB /* Base */ = {isa = PBXFileReference; lastKnownFileType = file.storyboard; name = Base; path = Base.lproj/Main.storyboard; sourceTree = "<group>"; };
		044E0DF71C93F45600BCFBDB /* Assets.xcassets */ = {isa = PBXFileReference; lastKnownFileType = folder.assetcatalog; path = Assets.xcassets; sourceTree = "<group>"; };
		044E0DFA1C93F45600BCFBDB /* Base */ = {isa = PBXFileReference; lastKnownFileType = file.storyboard; name = Base; path = Base.lproj/LaunchScreen.storyboard; sourceTree = "<group>"; };
		044E0DFC1C93F45600BCFBDB /* Info.plist */ = {isa = PBXFileReference; lastKnownFileType = text.plist.xml; path = Info.plist; sourceTree = "<group>"; };
/* End PBXFileReference section */

/* Begin PBXFrameworksBuildPhase section */
		044E0DE51C93F45600BCFBDB /* Frameworks */ = {
			isa = PBXFrameworksBuildPhase;
			buildActionMask = 2147483647;
			files = (
			);
			runOnlyForDeploymentPostprocessing = 0;
		};
/* End PBXFrameworksBuildPhase section */

/* Begin PBXGroup section */
		044E0DDF1C93F45600BCFBDB = {
			isa = PBXGroup;
			children = (
				044E0DEA1C93F45600BCFBDB /* ITO3GithubDemo */,
				044E0DE91C93F45600BCFBDB /* Products */,
			);
			sourceTree = "<group>";
		};
		044E0DE91C93F45600BCFBDB /* Products */ = {
			isa = PBXGroup;
			children = (
				044E0DE81C93F45600BCFBDB /* ITO3GithubDemo.app */,
			);
			name = Products;
			sourceTree = "<group>";
		};
		044E0DEA1C93F45600BCFBDB /* ITO3GithubDemo */ = {
			isa = PBXGroup;
			children = (
				044E0DEE1C93F45600BCFBDB /* AppDelegate.h */,
				044E0DEF1C93F45600BCFBDB /* AppDelegate.m */,
				044E0DF11C93F45600BCFBDB /* ViewController.h */,
				044E0DF21C93F45600BCFBDB /* ViewController.m */,
				044E0DF41C93F45600BCFBDB /* Main.storyboard */,
				044E0DF71C93F45600BCFBDB /* Assets.xcassets */,
				044E0DF91C93F45600BCFBDB /* LaunchScreen.storyboard */,
				044E0DFC1C93F45600BCFBDB /* Info.plist */,
				044E0DEB1C93F45600BCFBDB /* Supporting Files */,
			);
			path = ITO3GithubDemo;
			sourceTree = "<group>";
		};
		044E0DEB1C93F45600BCFBDB /* Supporting Files */ = {
			isa = PBXGroup;
			children = (
				044E0DEC1C93F45600BCFBDB /* main.m */,
			);
			name = "Supporting Files";
			sourceTree = "<group>";
		};
/* End PBXGroup section */

/* Begin PBXNativeTarget section */
		044E0DE71C93F45600BCFBDB /* ITO3GithubDemo */ = {
			isa = PBXNativeTarget;
			buildConfigurationList = 044E0DFF1C93F45600BCFBDB /* Build configuration list for PBXNativeTarget "ITO3GithubDemo" */;
			buildPhases = (
				044E0DE41C93F45600BCFBDB /* Sources */,
				044E0DE51C93F45600BCFBDB /* Frameworks */,
				044E0DE61C93F45600BCFBDB /* Resources */,
			);
			buildRules = (
			);
			dependencies = (
			);
			name = ITO3GithubDemo;
			productName = ITO3GithubDemo;
			productReference = 044E0DE81C93F45600BCFBDB /* ITO3GithubDemo.app */;
			productType = "com.apple.product-type.application";
		};
/* End PBXNativeTarget section */

/* Begin PBXProject section */
		044E0DE01C93F45600BCFBDB /* Project object */ = {
			isa = PBXProject;
			attributes = {
				LastUpgradeCheck = 0710;
				ORGANIZATIONNAME = Yh;
				TargetAttributes = {
					044E0DE71C93F45600BCFBDB = {
						CreatedOnToolsVersion = 7.1;
					};
				};
			};
			buildConfigurationList = 044E0DE31C93F45600BCFBDB /* Build configuration list for PBXProject "ITO3GithubDemo" */;
			compatibilityVersion = "Xcode 3.2";
			developmentRegion = English;
			hasScannedForEncodings = 0;
			knownRegions = (
				en,
				Base,
			);
			mainGroup = 044E0DDF1C93F45600BCFBDB;
			productRefGroup = 044E0DE91C93F45600BCFBDB /* Products */;
			projectDirPath = "";
			projectRoot = "";
			targets = (
				044E0DE71C93F45600BCFBDB /* ITO3GithubDemo */,
			);
		};
/* End PBXProject section */

/* Begin PBXResourcesBuildPhase section */
		044E0DE61C93F45600BCFBDB /* Resources */ = {
			isa = PBXResourcesBuildPhase;
			buildActionMask = 2147483647;
			files = (
				044E0DFB1C93F45600BCFBDB /* LaunchScreen.storyboard in Resources */,
				044E0DF81C93F45600BCFBDB /* Assets.xcassets in Resources */,
				044E0DF61C93F45600BCFBDB /* Main.storyboard in Resources */,
			);
			runOnlyForDeploymentPostprocessing = 0;
		};
/* End PBXResourcesBuildPhase section */

/* Begin PBXSourcesBuildPhase section */
		044E0DE41C93F45600BCFBDB /* Sources */ = {
			isa = PBXSourcesBuildPhase;
			buildActionMask = 2147483647;
			files = (
				044E0DF31C93F45600BCFBDB /* ViewController.m in Sources */,
				044E0DF01C93F45600BCFBDB /* AppDelegate.m in Sources */,
				044E0DED1C93F45600BCFBDB /* main.m in Sources */,
			);
			runOnlyForDeploymentPostprocessing = 0;
		};
/* End PBXSourcesBuildPhase section */

/* Begin PBXVariantGroup section */
		044E0DF41C93F45600BCFBDB /* Main.storyboard */ = {
			isa = PBXVariantGroup;
			children = (
				044E0DF51C93F45600BCFBDB /* Base */,
			);
			name = Main.storyboard;
			sourceTree = "<group>";
		};
		044E0DF91C93F45600BCFBDB /* LaunchScreen.storyboard */ = {
			isa = PBXVariantGroup;
			children = (
				044E0DFA1C93F45600BCFBDB /* Base */,
			);
			name = LaunchScreen.storyboard;
			sourceTree = "<group>";
		};
/* End PBXVariantGroup section */

/* Begin XCBuildConfiguration section */
		044E0DFD1C93F45600BCFBDB /* Debug */ = {
			isa = XCBuildConfiguration;
			buildSettings = {
				ALWAYS_SEARCH_USER_PATHS = NO;
				CLANG_CXX_LANGUAGE_STANDARD = "gnu++0x";
				CLANG_CXX_LIBRARY = "libc++";
				CLANG_ENABLE_MODULES = YES;
				CLANG_ENABLE_OBJC_ARC = YES;
				CLANG_WARN_BOOL_CONVERSION = YES;
				CLANG_WARN_CONSTANT_CONVERSION = YES;
				CLANG_WARN_DIRECT_OBJC_ISA_USAGE = YES_ERROR;
				CLANG_WARN_EMPTY_BODY = YES;
				CLANG_WARN_ENUM_CONVERSION = YES;
				CLANG_WARN_INT_CONVERSION = YES;
				CLANG_WARN_OBJC_ROOT_CLASS = YES_ERROR;
				CLANG_WARN_UNREACHABLE_CODE = YES;
				CLANG_WARN__DUPLICATE_METHOD_MATCH = YES;
				"CODE_SIGN_IDENTITY[sdk=iphoneos*]" = "iPhone Developer";
				COPY_PHASE_STRIP = NO;
				DEBUG_INFORMATION_FORMAT = dwarf;
				ENABLE_STRICT_OBJC_MSGSEND = YES;
				ENABLE_TESTABILITY = YES;
				GCC_C_LANGUAGE_STANDARD = gnu99;
				GCC_DYNAMIC_NO_PIC = NO;
				GCC_NO_COMMON_BLOCKS = YES;
				GCC_OPTIMIZATION_LEVEL = 0;
				GCC_PREPROCESSOR_DEFINITIONS = (
					"DEBUG=1",
					"$(inherited)",
				);
				GCC_WARN_64_TO_32_BIT_CONVERSION = YES;
				GCC_WARN_ABOUT_RETURN_TYPE = YES_ERROR;
				GCC_WARN_UNDECLARED_SELECTOR = YES;
				GCC_WARN_UNINITIALIZED_AUTOS = YES_AGGRESSIVE;
				GCC_WARN_UNUSED_FUNCTION = YES;
				GCC_WARN_UNUSED_VARIABLE = YES;
				IPHONEOS_DEPLOYMENT_TARGET = 9.1;
				MTL_ENABLE_DEBUG_INFO = YES;
				ONLY_ACTIVE_ARCH = YES;
				SDKROOT = iphoneos;
			};
			name = Debug;
		};
		044E0DFE1C93F45600BCFBDB /* Release */ = {
			isa = XCBuildConfiguration;
			buildSettings = {
				ALWAYS_SEARCH_USER_PATHS = NO;
				CLANG_CXX_LANGUAGE_STANDARD = "gnu++0x";
				CLANG_CXX_LIBRARY = "libc++";
				CLANG_ENABLE_MODULES = YES;
				CLANG_ENABLE_OBJC_ARC = YES;
				CLANG_WARN_BOOL_CONVERSION = YES;
				CLANG_WARN_CONSTANT_CONVERSION = YES;
				CLANG_WARN_DIRECT_OBJC_ISA_USAGE = YES_ERROR;
				CLANG_WARN_EMPTY_BODY = YES;
				CLANG_WARN_ENUM_CONVERSION = YES;
				CLANG_WARN_INT_CONVERSION = YES;
				CLANG_WARN_OBJC_ROOT_CLASS = YES_ERROR;
				CLANG_WARN_UNREACHABLE_CODE = YES;
				CLANG_WARN__DUPLICATE_METHOD_MATCH = YES;
				"CODE_SIGN_IDENTITY[sdk=iphoneos*]" = "iPhone Developer";
				COPY_PHASE_STRIP = NO;
				DEBUG_INFORMATION_FORMAT = "dwarf-with-dsym";
				ENABLE_NS_ASSERTIONS = NO;
				ENABLE_STRICT_OBJC_MSGSEND = YES;
				GCC_C_LANGUAGE_STANDARD = gnu99;
				GCC_NO_COMMON_BLOCKS = YES;
				GCC_WARN_64_TO_32_BIT_CONVERSION = YES;
				GCC_WARN_ABOUT_RETURN_TYPE = YES_ERROR;
				GCC_WARN_UNDECLARED_SELECTOR = YES;
				GCC_WARN_UNINITIALIZED_AUTOS = YES_AGGRESSIVE;
				GCC_WARN_UNUSED_FUNCTION = YES;
				GCC_WARN_UNUSED_VARIABLE = YES;
				IPHONEOS_DEPLOYMENT_TARGET = 9.1;
				MTL_ENABLE_DEBUG_INFO = NO;
				SDKROOT = iphoneos;
				VALIDATE_PRODUCT = YES;
			};
			name = Release;
		};
		044E0E001C93F45600BCFBDB /* Debug */ = {
			isa = XCBuildConfiguration;
			buildSettings = {
				ASSETCATALOG_COMPILER_APPICON_NAME = AppIcon;
				INFOPLIST_FILE = ITO3GithubDemo/Info.plist;
				LD_RUNPATH_SEARCH_PATHS = "$(inherited) @executable_path/Frameworks";
				PRODUCT_BUNDLE_IDENTIFIER = com.it.ITO3GithubDemo;
				PRODUCT_NAME = "$(TARGET_NAME)";
			};
			name = Debug;
		};
		044E0E011C93F45600BCFBDB /* Release */ = {
			isa = XCBuildConfiguration;
			buildSettings = {
				ASSETCATALOG_COMPILER_APPICON_NAME = AppIcon;
				INFOPLIST_FILE = ITO3GithubDemo/Info.plist;
				LD_RUNPATH_SEARCH_PATHS = "$(inherited) @executable_path/Frameworks";
				PRODUCT_BUNDLE_IDENTIFIER = com.it.ITO3GithubDemo;
				PRODUCT_NAME = "$(TARGET_NAME)";
			};
			name = Release;
		};
/* End XCBuildConfiguration section */

/* Begin XCConfigurationList section */
		044E0DE31C93F45600BCFBDB /* Build configuration list for PBXProject "ITO3GithubDemo" */ = {
			isa = XCConfigurationList;
			buildConfigurations = (
				044E0DFD1C93F45600BCFBDB /* Debug */,
				044E0DFE1C93F45600BCFBDB /* Release */,
			);
			defaultConfigurationIsVisible = 0;
			defaultConfigurationName = Release;
		};
		044E0DFF1C93F45600BCFBDB /* Build configuration list for PBXNativeTarget "ITO3GithubDemo" */ = {
			isa = XCConfigurationList;
			buildConfigurations = (
				044E0E001C93F45600BCFBDB /* Debug */,
				044E0E011C93F45600BCFBDB /* Release */,
			);
			defaultConfigurationIsVisible = 0;
		};
/* End XCConfigurationList section */
	};
	rootObject = 044E0DE01C93F45600BCFBDB /* Project object */;
}
